
Microsoft Visual Studio Solution File, Format Version 12.00
# Visual Studio Version 17
VisualStudioVersion = 17.14.36401.2
MinimumVisualStudioVersion = 10.0.40219.1
Project("{2150E333-8FDC-42A3-9474-1A3956D46DE8}") = "src", "src", "{02EA681E-C7D8-13C7-8484-4AC65E1B71E8}"
EndProject
Project("{2150E333-8FDC-42A3-9474-1A3956D46DE8}") = "BuildingBlocks", "BuildingBlocks", "{A82AD180-3F5D-45E1-A389-F97A3BE2D487}"
EndProject
Project("{2150E333-8FDC-42A3-9474-1A3956D46DE8}") = "Services", "Services", "{5E3DED3D-EEAA-4E81-9AD9-7742FA9287E6}"
EndProject
Project("{2150E333-8FDC-42A3-9474-1A3956D46DE8}") = "Customer", "Customer", "{C09EF775-F2FF-46F2-9298-AE47DDC96441}"
EndProject
Project("{2150E333-8FDC-42A3-9474-1A3956D46DE8}") = "Account", "Account", "{9FEFE2B2-DCCB-4C53-898F-BBF33FD3A58E}"
EndProject
Project("{2150E333-8FDC-42A3-9474-1A3956D46DE8}") = "Ledger", "Ledger", "{F367B358-598E-4975-B5DE-ACBDF60230BE}"
EndProject
Project("{2150E333-8FDC-42A3-9474-1A3956D46DE8}") = "Onboarding", "Onboarding", "{5951BC26-245A-4B4C-8AD3-335755BCC550}"
EndProject
Project("{2150E333-8FDC-42A3-9474-1A3956D46DE8}") = "Query", "Query", "{E40C7716-ED09-4E1B-9BF4-FF49BA685873}"
EndProject
Project("{FAE04EC0-301F-11D3-BF4B-00C04F79EFBC}") = "Customer.Domain", "src\Services\Customer\Customer.Domain\Customer.Domain.csproj", "{3899D681-6C76-4D4A-AEC2-17793F519874}"
EndProject
Project("{FAE04EC0-301F-11D3-BF4B-00C04F79EFBC}") = "Customer.Application", "src\Services\Customer\Customer.Application\Customer.Application.csproj", "{9BE5382C-4A12-4365-9BBF-FFB4F0CAA2BB}"
EndProject
Project("{FAE04EC0-301F-11D3-BF4B-00C04F79EFBC}") = "Customer.Infrastructure", "src\Services\Customer\Customer.Infrastructure\Customer.Infrastructure.csproj", "{48ACA6A0-7F8E-4F09-9248-C8ED614A68E8}"
EndProject
Project("{FAE04EC0-301F-11D3-BF4B-00C04F79EFBC}") = "Customer.Api", "src\Services\Customer\Customer.Api\Customer.Api.csproj", "{FE075C77-F48A-4701-9D0D-AB05070360A8}"
EndProject
Project("{FAE04EC0-301F-11D3-BF4B-00C04F79EFBC}") = "Ledger.Api", "src\Services\Ledger\Ledger.Api\Ledger.Api.csproj", "{EEF50CA4-65FE-4695-BA46-BD1ADD1FE211}"
EndProject
Project("{FAE04EC0-301F-11D3-BF4B-00C04F79EFBC}") = "Ledger.Domain", "src\Services\Ledger\Ledger.Domain\Ledger.Domain.csproj", "{A06F2670-F2FE-45CD-9EF1-5B3750A0C99D}"
EndProject
Project("{FAE04EC0-301F-11D3-BF4B-00C04F79EFBC}") = "Ledger.Application", "src\Services\Ledger\Ledger.Application\Ledger.Application.csproj", "{9CEF6B8E-BDDF-4D85-B45D-017EDA6B77DB}"
EndProject
Project("{FAE04EC0-301F-11D3-BF4B-00C04F79EFBC}") = "Ledger.Infrastructure", "src\Services\Ledger\Ledger.Infrastructure\Ledger.Infrastructure.csproj", "{ECC29C40-D05C-45B2-8393-432EFB669D4F}"
EndProject
Project("{FAE04EC0-301F-11D3-BF4B-00C04F79EFBC}") = "Onboarding.Domain", "src\Services\Onboarding\Onboarding.Domain\Onboarding.Domain.csproj", "{6E595E7D-277A-4A24-AB27-B52F78AFB9B3}"
EndProject
Project("{FAE04EC0-301F-11D3-BF4B-00C04F79EFBC}") = "Onboarding.Application", "src\Services\Onboarding\Onboarding.Application\Onboarding.Application.csproj", "{E92062D8-F83A-4571-A1B4-CC719C5AD434}"
EndProject
Project("{FAE04EC0-301F-11D3-BF4B-00C04F79EFBC}") = "Onboarding.Infrastructure", "src\Services\Onboarding\Onboarding.Infrastructure\Onboarding.Infrastructure.csproj", "{C32958FD-C364-4624-8C0B-58F3C5352EE8}"
EndProject
Project("{FAE04EC0-301F-11D3-BF4B-00C04F79EFBC}") = "Onboarding.Api", "src\Services\Onboarding\Onboarding.Api\Onboarding.Api.csproj", "{11375C0A-AC96-48CE-A437-FBDB9E21245E}"
EndProject
Project("{FAE04EC0-301F-11D3-BF4B-00C04F79EFBC}") = "Query.Application", "src\Services\Query\Query.Application\Query.Application.csproj", "{1F06CE79-F450-4AFD-8DA7-BE0A80F88B36}"
EndProject
Project("{FAE04EC0-301F-11D3-BF4B-00C04F79EFBC}") = "Query.Domain", "src\Services\Query\Query.Domain\Query.Domain.csproj", "{B5594021-87C5-4ADD-B0BE-19F58EED47D4}"
EndProject
Project("{FAE04EC0-301F-11D3-BF4B-00C04F79EFBC}") = "Query.Infrastructure", "src\Services\Query\Query.Infrastructure\Query.Infrastructure.csproj", "{C911A5B6-1E21-47FD-9C9D-8099E5660DFC}"
EndProject
Project("{FAE04EC0-301F-11D3-BF4B-00C04F79EFBC}") = "Query.Api", "src\Services\Query\Query.Api\Query.Api.csproj", "{9E27C2E0-1CC3-4B4E-AE92-820F25DE3EC5}"
EndProject
Project("{2150E333-8FDC-42A3-9474-1A3956D46DE8}") = "Solution Items", "Solution Items", "{8EC462FD-D22E-90A8-E5CE-7E832BA40C5D}"
	ProjectSection(SolutionItems) = preProject
		Directory.Build.props = Directory.Build.props
		Directory.Packages.props = Directory.Packages.props
	EndProjectSection
EndProject
Project("{FAE04EC0-301F-11D3-BF4B-00C04F79EFBC}") = "Account.Api", "src\Services\Account\Account.Api\Account.Api.csproj", "{99630D55-C7AB-C617-D7B1-8447D75163D6}"
EndProject
Project("{FAE04EC0-301F-11D3-BF4B-00C04F79EFBC}") = "Account.Application", "src\Services\Account\Account.Application\Account.Application.csproj", "{F6751FA8-629B-11D7-4CB5-9EFAB7F41364}"
EndProject
Project("{FAE04EC0-301F-11D3-BF4B-00C04F79EFBC}") = "Account.Domain", "src\Services\Account\Account.Domain\Account.Domain.csproj", "{1764E612-9716-0542-118B-4BBCE90B536A}"
EndProject
Project("{FAE04EC0-301F-11D3-BF4B-00C04F79EFBC}") = "Account.Infrastructure", "src\Services\Account\Account.Infrastructure\Account.Infrastructure.csproj", "{46A787A6-9A65-CC24-B6B1-C9AE48BCBCC5}"
EndProject
Project("{FAE04EC0-301F-11D3-BF4B-00C04F79EFBC}") = "SharedKernel", "src\BuildingBlocks\SharedKernel\SharedKernel.csproj", "{9EB63748-DEAC-2BCD-E928-42DE2CCB841F}"
EndProject
Global
	GlobalSection(SolutionConfigurationPlatforms) = preSolution
		Debug|Any CPU = Debug|Any CPU
		Release|Any CPU = Release|Any CPU
	EndGlobalSection
	GlobalSection(ProjectConfigurationPlatforms) = postSolution
		{3899D681-6C76-4D4A-AEC2-17793F519874}.Debug|Any CPU.ActiveCfg = Debug|Any CPU
		{3899D681-6C76-4D4A-AEC2-17793F519874}.Debug|Any CPU.Build.0 = Debug|Any CPU
		{3899D681-6C76-4D4A-AEC2-17793F519874}.Release|Any CPU.ActiveCfg = Release|Any CPU
		{3899D681-6C76-4D4A-AEC2-17793F519874}.Release|Any CPU.Build.0 = Release|Any CPU
		{9BE5382C-4A12-4365-9BBF-FFB4F0CAA2BB}.Debug|Any CPU.ActiveCfg = Debug|Any CPU
		{9BE5382C-4A12-4365-9BBF-FFB4F0CAA2BB}.Debug|Any CPU.Build.0 = Debug|Any CPU
		{9BE5382C-4A12-4365-9BBF-FFB4F0CAA2BB}.Release|Any CPU.ActiveCfg = Release|Any CPU
		{9BE5382C-4A12-4365-9BBF-FFB4F0CAA2BB}.Release|Any CPU.Build.0 = Release|Any CPU
		{48ACA6A0-7F8E-4F09-9248-C8ED614A68E8}.Debug|Any CPU.ActiveCfg = Debug|Any CPU
		{48ACA6A0-7F8E-4F09-9248-C8ED614A68E8}.Debug|Any CPU.Build.0 = Debug|Any CPU
		{48ACA6A0-7F8E-4F09-9248-C8ED614A68E8}.Release|Any CPU.ActiveCfg = Release|Any CPU
		{48ACA6A0-7F8E-4F09-9248-C8ED614A68E8}.Release|Any CPU.Build.0 = Release|Any CPU
		{FE075C77-F48A-4701-9D0D-AB05070360A8}.Debug|Any CPU.ActiveCfg = Debug|Any CPU
		{FE075C77-F48A-4701-9D0D-AB05070360A8}.Debug|Any CPU.Build.0 = Debug|Any CPU
		{FE075C77-F48A-4701-9D0D-AB05070360A8}.Release|Any CPU.ActiveCfg = Release|Any CPU
		{FE075C77-F48A-4701-9D0D-AB05070360A8}.Release|Any CPU.Build.0 = Release|Any CPU
		{EEF50CA4-65FE-4695-BA46-BD1ADD1FE211}.Debug|Any CPU.ActiveCfg = Debug|Any CPU
		{EEF50CA4-65FE-4695-BA46-BD1ADD1FE211}.Debug|Any CPU.Build.0 = Debug|Any CPU
		{EEF50CA4-65FE-4695-BA46-BD1ADD1FE211}.Release|Any CPU.ActiveCfg = Release|Any CPU
		{EEF50CA4-65FE-4695-BA46-BD1ADD1FE211}.Release|Any CPU.Build.0 = Release|Any CPU
		{A06F2670-F2FE-45CD-9EF1-5B3750A0C99D}.Debug|Any CPU.ActiveCfg = Debug|Any CPU
		{A06F2670-F2FE-45CD-9EF1-5B3750A0C99D}.Debug|Any CPU.Build.0 = Debug|Any CPU
		{A06F2670-F2FE-45CD-9EF1-5B3750A0C99D}.Release|Any CPU.ActiveCfg = Release|Any CPU
		{A06F2670-F2FE-45CD-9EF1-5B3750A0C99D}.Release|Any CPU.Build.0 = Release|Any CPU
		{9CEF6B8E-BDDF-4D85-B45D-017EDA6B77DB}.Debug|Any CPU.ActiveCfg = Debug|Any CPU
		{9CEF6B8E-BDDF-4D85-B45D-017EDA6B77DB}.Debug|Any CPU.Build.0 = Debug|Any CPU
		{9CEF6B8E-BDDF-4D85-B45D-017EDA6B77DB}.Release|Any CPU.ActiveCfg = Release|Any CPU
		{9CEF6B8E-BDDF-4D85-B45D-017EDA6B77DB}.Release|Any CPU.Build.0 = Release|Any CPU
		{ECC29C40-D05C-45B2-8393-432EFB669D4F}.Debug|Any CPU.ActiveCfg = Debug|Any CPU
		{ECC29C40-D05C-45B2-8393-432EFB669D4F}.Debug|Any CPU.Build.0 = Debug|Any CPU
		{ECC29C40-D05C-45B2-8393-432EFB669D4F}.Release|Any CPU.ActiveCfg = Release|Any CPU
		{ECC29C40-D05C-45B2-8393-432EFB669D4F}.Release|Any CPU.Build.0 = Release|Any CPU
		{6E595E7D-277A-4A24-AB27-B52F78AFB9B3}.Debug|Any CPU.ActiveCfg = Debug|Any CPU
		{6E595E7D-277A-4A24-AB27-B52F78AFB9B3}.Debug|Any CPU.Build.0 = Debug|Any CPU
		{6E595E7D-277A-4A24-AB27-B52F78AFB9B3}.Release|Any CPU.ActiveCfg = Release|Any CPU
		{6E595E7D-277A-4A24-AB27-B52F78AFB9B3}.Release|Any CPU.Build.0 = Release|Any CPU
		{E92062D8-F83A-4571-A1B4-CC719C5AD434}.Debug|Any CPU.ActiveCfg = Debug|Any CPU
		{E92062D8-F83A-4571-A1B4-CC719C5AD434}.Debug|Any CPU.Build.0 = Debug|Any CPU
		{E92062D8-F83A-4571-A1B4-CC719C5AD434}.Release|Any CPU.ActiveCfg = Release|Any CPU
		{E92062D8-F83A-4571-A1B4-CC719C5AD434}.Release|Any CPU.Build.0 = Release|Any CPU
		{C32958FD-C364-4624-8C0B-58F3C5352EE8}.Debug|Any CPU.ActiveCfg = Debug|Any CPU
		{C32958FD-C364-4624-8C0B-58F3C5352EE8}.Debug|Any CPU.Build.0 = Debug|Any CPU
		{C32958FD-C364-4624-8C0B-58F3C5352EE8}.Release|Any CPU.ActiveCfg = Release|Any CPU
		{C32958FD-C364-4624-8C0B-58F3C5352EE8}.Release|Any CPU.Build.0 = Release|Any CPU
		{11375C0A-AC96-48CE-A437-FBDB9E21245E}.Debug|Any CPU.ActiveCfg = Debug|Any CPU
		{11375C0A-AC96-48CE-A437-FBDB9E21245E}.Debug|Any CPU.Build.0 = Debug|Any CPU
		{11375C0A-AC96-48CE-A437-FBDB9E21245E}.Release|Any CPU.ActiveCfg = Release|Any CPU
		{11375C0A-AC96-48CE-A437-FBDB9E21245E}.Release|Any CPU.Build.0 = Release|Any CPU
		{1F06CE79-F450-4AFD-8DA7-BE0A80F88B36}.Debug|Any CPU.ActiveCfg = Debug|Any CPU
		{1F06CE79-F450-4AFD-8DA7-BE0A80F88B36}.Debug|Any CPU.Build.0 = Debug|Any CPU
		{1F06CE79-F450-4AFD-8DA7-BE0A80F88B36}.Release|Any CPU.ActiveCfg = Release|Any CPU
		{1F06CE79-F450-4AFD-8DA7-BE0A80F88B36}.Release|Any CPU.Build.0 = Release|Any CPU
		{B5594021-87C5-4ADD-B0BE-19F58EED47D4}.Debug|Any CPU.ActiveCfg = Debug|Any CPU
		{B5594021-87C5-4ADD-B0BE-19F58EED47D4}.Debug|Any CPU.Build.0 = Debug|Any CPU
		{B5594021-87C5-4ADD-B0BE-19F58EED47D4}.Release|Any CPU.ActiveCfg = Release|Any CPU
		{B5594021-87C5-4ADD-B0BE-19F58EED47D4}.Release|Any CPU.Build.0 = Release|Any CPU
		{C911A5B6-1E21-47FD-9C9D-8099E5660DFC}.Debug|Any CPU.ActiveCfg = Debug|Any CPU
		{C911A5B6-1E21-47FD-9C9D-8099E5660DFC}.Debug|Any CPU.Build.0 = Debug|Any CPU
		{C911A5B6-1E21-47FD-9C9D-8099E5660DFC}.Release|Any CPU.ActiveCfg = Release|Any CPU
		{C911A5B6-1E21-47FD-9C9D-8099E5660DFC}.Release|Any CPU.Build.0 = Release|Any CPU
		{9E27C2E0-1CC3-4B4E-AE92-820F25DE3EC5}.Debug|Any CPU.ActiveCfg = Debug|Any CPU
		{9E27C2E0-1CC3-4B4E-AE92-820F25DE3EC5}.Debug|Any CPU.Build.0 = Debug|Any CPU
		{9E27C2E0-1CC3-4B4E-AE92-820F25DE3EC5}.Release|Any CPU.ActiveCfg = Release|Any CPU
		{9E27C2E0-1CC3-4B4E-AE92-820F25DE3EC5}.Release|Any CPU.Build.0 = Release|Any CPU
		{99630D55-C7AB-C617-D7B1-8447D75163D6}.Debug|Any CPU.ActiveCfg = Debug|Any CPU
		{99630D55-C7AB-C617-D7B1-8447D75163D6}.Debug|Any CPU.Build.0 = Debug|Any CPU
		{99630D55-C7AB-C617-D7B1-8447D75163D6}.Release|Any CPU.ActiveCfg = Release|Any CPU
		{99630D55-C7AB-C617-D7B1-8447D75163D6}.Release|Any CPU.Build.0 = Release|Any CPU
		{F6751FA8-629B-11D7-4CB5-9EFAB7F41364}.Debug|Any CPU.ActiveCfg = Debug|Any CPU
		{F6751FA8-629B-11D7-4CB5-9EFAB7F41364}.Debug|Any CPU.Build.0 = Debug|Any CPU
		{F6751FA8-629B-11D7-4CB5-9EFAB7F41364}.Release|Any CPU.ActiveCfg = Release|Any CPU
		{F6751FA8-629B-11D7-4CB5-9EFAB7F41364}.Release|Any CPU.Build.0 = Release|Any CPU
		{1764E612-9716-0542-118B-4BBCE90B536A}.Debug|Any CPU.ActiveCfg = Debug|Any CPU
		{1764E612-9716-0542-118B-4BBCE90B536A}.Debug|Any CPU.Build.0 = Debug|Any CPU
		{1764E612-9716-0542-118B-4BBCE90B536A}.Release|Any CPU.ActiveCfg = Release|Any CPU
		{1764E612-9716-0542-118B-4BBCE90B536A}.Release|Any CPU.Build.0 = Release|Any CPU
		{46A787A6-9A65-CC24-B6B1-C9AE48BCBCC5}.Debug|Any CPU.ActiveCfg = Debug|Any CPU
		{46A787A6-9A65-CC24-B6B1-C9AE48BCBCC5}.Debug|Any CPU.Build.0 = Debug|Any CPU
		{46A787A6-9A65-CC24-B6B1-C9AE48BCBCC5}.Release|Any CPU.ActiveCfg = Release|Any CPU
		{46A787A6-9A65-CC24-B6B1-C9AE48BCBCC5}.Release|Any CPU.Build.0 = Release|Any CPU
		{9EB63748-DEAC-2BCD-E928-42DE2CCB841F}.Debug|Any CPU.ActiveCfg = Debug|Any CPU
		{9EB63748-DEAC-2BCD-E928-42DE2CCB841F}.Debug|Any CPU.Build.0 = Debug|Any CPU
		{9EB63748-DEAC-2BCD-E928-42DE2CCB841F}.Release|Any CPU.ActiveCfg = Release|Any CPU
		{9EB63748-DEAC-2BCD-E928-42DE2CCB841F}.Release|Any CPU.Build.0 = Release|Any CPU
	EndGlobalSection
	GlobalSection(SolutionProperties) = preSolution
		HideSolutionNode = FALSE
	EndGlobalSection
	GlobalSection(NestedProjects) = preSolution
		{A82AD180-3F5D-45E1-A389-F97A3BE2D487} = {02EA681E-C7D8-13C7-8484-4AC65E1B71E8}
		{5E3DED3D-EEAA-4E81-9AD9-7742FA9287E6} = {02EA681E-C7D8-13C7-8484-4AC65E1B71E8}
		{C09EF775-F2FF-46F2-9298-AE47DDC96441} = {5E3DED3D-EEAA-4E81-9AD9-7742FA9287E6}
		{9FEFE2B2-DCCB-4C53-898F-BBF33FD3A58E} = {5E3DED3D-EEAA-4E81-9AD9-7742FA9287E6}
		{F367B358-598E-4975-B5DE-ACBDF60230BE} = {5E3DED3D-EEAA-4E81-9AD9-7742FA9287E6}
		{5951BC26-245A-4B4C-8AD3-335755BCC550} = {5E3DED3D-EEAA-4E81-9AD9-7742FA9287E6}
		{E40C7716-ED09-4E1B-9BF4-FF49BA685873} = {5E3DED3D-EEAA-4E81-9AD9-7742FA9287E6}
		{3899D681-6C76-4D4A-AEC2-17793F519874} = {C09EF775-F2FF-46F2-9298-AE47DDC96441}
		{9BE5382C-4A12-4365-9BBF-FFB4F0CAA2BB} = {C09EF775-F2FF-46F2-9298-AE47DDC96441}
		{48ACA6A0-7F8E-4F09-9248-C8ED614A68E8} = {C09EF775-F2FF-46F2-9298-AE47DDC96441}
		{FE075C77-F48A-4701-9D0D-AB05070360A8} = {C09EF775-F2FF-46F2-9298-AE47DDC96441}
		{EEF50CA4-65FE-4695-BA46-BD1ADD1FE211} = {F367B358-598E-4975-B5DE-ACBDF60230BE}
		{A06F2670-F2FE-45CD-9EF1-5B3750A0C99D} = {F367B358-598E-4975-B5DE-ACBDF60230BE}
		{9CEF6B8E-BDDF-4D85-B45D-017EDA6B77DB} = {F367B358-598E-4975-B5DE-ACBDF60230BE}
		{ECC29C40-D05C-45B2-8393-432EFB669D4F} = {F367B358-598E-4975-B5DE-ACBDF60230BE}
		{6E595E7D-277A-4A24-AB27-B52F78AFB9B3} = {5951BC26-245A-4B4C-8AD3-335755BCC550}
		{E92062D8-F83A-4571-A1B4-CC719C5AD434} = {5951BC26-245A-4B4C-8AD3-335755BCC550}
		{C32958FD-C364-4624-8C0B-58F3C5352EE8} = {5951BC26-245A-4B4C-8AD3-335755BCC550}
		{11375C0A-AC96-48CE-A437-FBDB9E21245E} = {5951BC26-245A-4B4C-8AD3-335755BCC550}
		{1F06CE79-F450-4AFD-8DA7-BE0A80F88B36} = {E40C7716-ED09-4E1B-9BF4-FF49BA685873}
		{B5594021-87C5-4ADD-B0BE-19F58EED47D4} = {E40C7716-ED09-4E1B-9BF4-FF49BA685873}
		{C911A5B6-1E21-47FD-9C9D-8099E5660DFC} = {E40C7716-ED09-4E1B-9BF4-FF49BA685873}
		{9E27C2E0-1CC3-4B4E-AE92-820F25DE3EC5} = {E40C7716-ED09-4E1B-9BF4-FF49BA685873}
		{99630D55-C7AB-C617-D7B1-8447D75163D6} = {9FEFE2B2-DCCB-4C53-898F-BBF33FD3A58E}
		{F6751FA8-629B-11D7-4CB5-9EFAB7F41364} = {9FEFE2B2-DCCB-4C53-898F-BBF33FD3A58E}
		{1764E612-9716-0542-118B-4BBCE90B536A} = {9FEFE2B2-DCCB-4C53-898F-BBF33FD3A58E}
		{46A787A6-9A65-CC24-B6B1-C9AE48BCBCC5} = {9FEFE2B2-DCCB-4C53-898F-BBF33FD3A58E}
		{9EB63748-DEAC-2BCD-E928-42DE2CCB841F} = {A82AD180-3F5D-45E1-A389-F97A3BE2D487}
	EndGlobalSection
	GlobalSection(ExtensibilityGlobals) = postSolution
		SolutionGuid = {01841F87-EF4C-4993-AC5D-65E951BB049B}
	EndGlobalSection
EndGlobal
